
Microsoft Visual Studio Solution File, Format Version 12.00
# Visual Studio Version 16
VisualStudioVersion = 16.0.30907.101
MinimumVisualStudioVersion = 10.0.40219.1
Project("{FAE04EC0-301F-11D3-BF4B-00C04F79EFBC}") = "Task_1", "Task_1.csproj", "{6B3D43BE-41E2-4955-887F-6E00304D2640}"
EndProject
Project("{FAE04EC0-301F-11D3-BF4B-00C04F79EFBC}") = "Task_2", "..\Task_2\Task_2.csproj", "{14346E4C-C3A3-43A0-9A67-B960FFF0E6A4}"
EndProject
Project("{FAE04EC0-301F-11D3-BF4B-00C04F79EFBC}") = "Task_3", "..\Task_3\Task_3.csproj", "{B80BCC98-79F2-42F9-A74B-EAC2FBE04C84}"
EndProject
Project("{FAE04EC0-301F-11D3-BF4B-00C04F79EFBC}") = "Task_4", "..\Task_4\Task_4.csproj", "{EEBA0518-0533-4426-A614-B565F36E9017}"
EndProject
Project("{FAE04EC0-301F-11D3-BF4B-00C04F79EFBC}") = "ConsoleApp1", "..\ConsoleApp1\ConsoleApp1.csproj", "{ED827274-F7BC-40C4-967E-66E8E7EDC5B7}"
EndProject
Global
	GlobalSection(SolutionConfigurationPlatforms) = preSolution
		Debug|Any CPU = Debug|Any CPU
		Release|Any CPU = Release|Any CPU
	EndGlobalSection
	GlobalSection(ProjectConfigurationPlatforms) = postSolution
		{6B3D43BE-41E2-4955-887F-6E00304D2640}.Debug|Any CPU.ActiveCfg = Debug|Any CPU
		{6B3D43BE-41E2-4955-887F-6E00304D2640}.Debug|Any CPU.Build.0 = Debug|Any CPU
		{6B3D43BE-41E2-4955-887F-6E00304D2640}.Release|Any CPU.ActiveCfg = Release|Any CPU
		{6B3D43BE-41E2-4955-887F-6E00304D2640}.Release|Any CPU.Build.0 = Release|Any CPU
		{14346E4C-C3A3-43A0-9A67-B960FFF0E6A4}.Debug|Any CPU.ActiveCfg = Debug|Any CPU
		{14346E4C-C3A3-43A0-9A67-B960FFF0E6A4}.Debug|Any CPU.Build.0 = Debug|Any CPU
		{14346E4C-C3A3-43A0-9A67-B960FFF0E6A4}.Release|Any CPU.ActiveCfg = Release|Any CPU
		{14346E4C-C3A3-43A0-9A67-B960FFF0E6A4}.Release|Any CPU.Build.0 = Release|Any CPU
		{B80BCC98-79F2-42F9-A74B-EAC2FBE04C84}.Debug|Any CPU.ActiveCfg = Debug|Any CPU
		{B80BCC98-79F2-42F9-A74B-EAC2FBE04C84}.Debug|Any CPU.Build.0 = Debug|Any CPU
		{B80BCC98-79F2-42F9-A74B-EAC2FBE04C84}.Release|Any CPU.ActiveCfg = Release|Any CPU
		{B80BCC98-79F2-42F9-A74B-EAC2FBE04C84}.Release|Any CPU.Build.0 = Release|Any CPU
		{EEBA0518-0533-4426-A614-B565F36E9017}.Debug|Any CPU.ActiveCfg = Debug|Any CPU
		{EEBA0518-0533-4426-A614-B565F36E9017}.Debug|Any CPU.Build.0 = Debug|Any CPU
		{EEBA0518-0533-4426-A614-B565F36E9017}.Release|Any CPU.ActiveCfg = Release|Any CPU
		{EEBA0518-0533-4426-A614-B565F36E9017}.Release|Any CPU.Build.0 = Release|Any CPU
		{ED827274-F7BC-40C4-967E-66E8E7EDC5B7}.Debug|Any CPU.ActiveCfg = Debug|Any CPU
		{ED827274-F7BC-40C4-967E-66E8E7EDC5B7}.Debug|Any CPU.Build.0 = Debug|Any CPU
		{ED827274-F7BC-40C4-967E-66E8E7EDC5B7}.Release|Any CPU.ActiveCfg = Release|Any CPU
		{ED827274-F7BC-40C4-967E-66E8E7EDC5B7}.Release|Any CPU.Build.0 = Release|Any CPU
	EndGlobalSection
	GlobalSection(SolutionProperties) = preSolution
		HideSolutionNode = FALSE
	EndGlobalSection
	GlobalSection(ExtensibilityGlobals) = postSolution
		SolutionGuid = {092FAAFE-60FC-46DE-87FD-30DA58BB27A7}
	EndGlobalSection
EndGlobal
