
Microsoft Visual Studio Solution File, Format Version 12.00
# Visual Studio Version 16
VisualStudioVersion = 16.0.31105.61
MinimumVisualStudioVersion = 10.0.40219.1
Project("{FAE04EC0-301F-11D3-BF4B-00C04F79EFBC}") = "Seminar4_1", "Seminar4_1.csproj", "{1692747F-BA34-4E88-9A22-A710FEF77FFE}"
EndProject
Project("{FAE04EC0-301F-11D3-BF4B-00C04F79EFBC}") = "Task_2", "..\Task_2\Task_2.csproj", "{CF7073A0-5ABE-44E0-B4D9-BB7AA63FC011}"
EndProject
Global
	GlobalSection(SolutionConfigurationPlatforms) = preSolution
		Debug|Any CPU = Debug|Any CPU
		Release|Any CPU = Release|Any CPU
	EndGlobalSection
	GlobalSection(ProjectConfigurationPlatforms) = postSolution
		{1692747F-BA34-4E88-9A22-A710FEF77FFE}.Debug|Any CPU.ActiveCfg = Debug|Any CPU
		{1692747F-BA34-4E88-9A22-A710FEF77FFE}.Debug|Any CPU.Build.0 = Debug|Any CPU
		{1692747F-BA34-4E88-9A22-A710FEF77FFE}.Release|Any CPU.ActiveCfg = Release|Any CPU
		{1692747F-BA34-4E88-9A22-A710FEF77FFE}.Release|Any CPU.Build.0 = Release|Any CPU
		{CF7073A0-5ABE-44E0-B4D9-BB7AA63FC011}.Debug|Any CPU.ActiveCfg = Debug|Any CPU
		{CF7073A0-5ABE-44E0-B4D9-BB7AA63FC011}.Debug|Any CPU.Build.0 = Debug|Any CPU
		{CF7073A0-5ABE-44E0-B4D9-BB7AA63FC011}.Release|Any CPU.ActiveCfg = Release|Any CPU
		{CF7073A0-5ABE-44E0-B4D9-BB7AA63FC011}.Release|Any CPU.Build.0 = Release|Any CPU
	EndGlobalSection
	GlobalSection(SolutionProperties) = preSolution
		HideSolutionNode = FALSE
	EndGlobalSection
	GlobalSection(ExtensibilityGlobals) = postSolution
		SolutionGuid = {7F295FC0-67C1-4B12-8A6A-0B86C295F7C5}
	EndGlobalSection
EndGlobal
