
Microsoft Visual Studio Solution File, Format Version 12.00
# Visual Studio Version 16
VisualStudioVersion = 16.0.30503.244
MinimumVisualStudioVersion = 10.0.40219.1
Project("{FAE04EC0-301F-11D3-BF4B-00C04F79EFBC}") = "Task_5", "Task_5.csproj", "{E6B0DDFB-4537-4070-9A70-A44841801155}"
EndProject
Global
	GlobalSection(SolutionConfigurationPlatforms) = preSolution
		Debug|Any CPU = Debug|Any CPU
		Release|Any CPU = Release|Any CPU
	EndGlobalSection
	GlobalSection(ProjectConfigurationPlatforms) = postSolution
		{E6B0DDFB-4537-4070-9A70-A44841801155}.Debug|Any CPU.ActiveCfg = Debug|Any CPU
		{E6B0DDFB-4537-4070-9A70-A44841801155}.Debug|Any CPU.Build.0 = Debug|Any CPU
		{E6B0DDFB-4537-4070-9A70-A44841801155}.Release|Any CPU.ActiveCfg = Release|Any CPU
		{E6B0DDFB-4537-4070-9A70-A44841801155}.Release|Any CPU.Build.0 = Release|Any CPU
	EndGlobalSection
	GlobalSection(SolutionProperties) = preSolution
		HideSolutionNode = FALSE
	EndGlobalSection
	GlobalSection(ExtensibilityGlobals) = postSolution
		SolutionGuid = {877A63FB-FCE3-4335-807A-5839A070F531}
	EndGlobalSection
EndGlobal
