
Microsoft Visual Studio Solution File, Format Version 12.00
# Visual Studio Version 16
VisualStudioVersion = 16.0.30503.244
MinimumVisualStudioVersion = 10.0.40219.1
Project("{FAE04EC0-301F-11D3-BF4B-00C04F79EFBC}") = "CW1", "CW1.csproj", "{564FAE24-6519-4BF6-9F1A-A24C4D4A02F7}"
EndProject
Global
	GlobalSection(SolutionConfigurationPlatforms) = preSolution
		Debug|Any CPU = Debug|Any CPU
		Release|Any CPU = Release|Any CPU
	EndGlobalSection
	GlobalSection(ProjectConfigurationPlatforms) = postSolution
		{564FAE24-6519-4BF6-9F1A-A24C4D4A02F7}.Debug|Any CPU.ActiveCfg = Debug|Any CPU
		{564FAE24-6519-4BF6-9F1A-A24C4D4A02F7}.Debug|Any CPU.Build.0 = Debug|Any CPU
		{564FAE24-6519-4BF6-9F1A-A24C4D4A02F7}.Release|Any CPU.ActiveCfg = Release|Any CPU
		{564FAE24-6519-4BF6-9F1A-A24C4D4A02F7}.Release|Any CPU.Build.0 = Release|Any CPU
	EndGlobalSection
	GlobalSection(SolutionProperties) = preSolution
		HideSolutionNode = FALSE
	EndGlobalSection
	GlobalSection(ExtensibilityGlobals) = postSolution
		SolutionGuid = {088019C1-7F17-49BC-B9F9-F17E77526DEE}
	EndGlobalSection
EndGlobal
