
Microsoft Visual Studio Solution File, Format Version 12.00
# Visual Studio Version 16
VisualStudioVersion = 16.0.31205.134
MinimumVisualStudioVersion = 10.0.40219.1
Project("{FAE04EC0-301F-11D3-BF4B-00C04F79EFBC}") = "Animals", "Animals.csproj", "{886E29CD-C263-410E-A85A-6CCADE1A22FE}"
EndProject
Global
	GlobalSection(SolutionConfigurationPlatforms) = preSolution
		Debug|Any CPU = Debug|Any CPU
		Release|Any CPU = Release|Any CPU
	EndGlobalSection
	GlobalSection(ProjectConfigurationPlatforms) = postSolution
		{886E29CD-C263-410E-A85A-6CCADE1A22FE}.Debug|Any CPU.ActiveCfg = Debug|Any CPU
		{886E29CD-C263-410E-A85A-6CCADE1A22FE}.Debug|Any CPU.Build.0 = Debug|Any CPU
		{886E29CD-C263-410E-A85A-6CCADE1A22FE}.Release|Any CPU.ActiveCfg = Release|Any CPU
		{886E29CD-C263-410E-A85A-6CCADE1A22FE}.Release|Any CPU.Build.0 = Release|Any CPU
	EndGlobalSection
	GlobalSection(SolutionProperties) = preSolution
		HideSolutionNode = FALSE
	EndGlobalSection
	GlobalSection(ExtensibilityGlobals) = postSolution
		SolutionGuid = {E86BAAD9-9934-4A79-9413-9140AECA48C2}
	EndGlobalSection
EndGlobal
