
Microsoft Visual Studio Solution File, Format Version 12.00
# Visual Studio Version 16
VisualStudioVersion = 16.0.31205.134
MinimumVisualStudioVersion = 10.0.40219.1
Project("{9A19103F-16F7-4668-BE54-9A1E7A4F7556}") = "Task_1", "Task_1.csproj", "{0A1A93EF-BB12-4012-A6B8-663DEB55CB08}"
EndProject
Project("{FAE04EC0-301F-11D3-BF4B-00C04F79EFBC}") = "Task_2", "..\Task_2\Task_2.csproj", "{4C9F72A0-988D-4FC3-906A-4BE65B01499E}"
EndProject
Global
	GlobalSection(SolutionConfigurationPlatforms) = preSolution
		Debug|Any CPU = Debug|Any CPU
		Release|Any CPU = Release|Any CPU
	EndGlobalSection
	GlobalSection(ProjectConfigurationPlatforms) = postSolution
		{0A1A93EF-BB12-4012-A6B8-663DEB55CB08}.Debug|Any CPU.ActiveCfg = Debug|Any CPU
		{0A1A93EF-BB12-4012-A6B8-663DEB55CB08}.Debug|Any CPU.Build.0 = Debug|Any CPU
		{0A1A93EF-BB12-4012-A6B8-663DEB55CB08}.Release|Any CPU.ActiveCfg = Release|Any CPU
		{0A1A93EF-BB12-4012-A6B8-663DEB55CB08}.Release|Any CPU.Build.0 = Release|Any CPU
		{4C9F72A0-988D-4FC3-906A-4BE65B01499E}.Debug|Any CPU.ActiveCfg = Debug|Any CPU
		{4C9F72A0-988D-4FC3-906A-4BE65B01499E}.Debug|Any CPU.Build.0 = Debug|Any CPU
		{4C9F72A0-988D-4FC3-906A-4BE65B01499E}.Release|Any CPU.ActiveCfg = Release|Any CPU
		{4C9F72A0-988D-4FC3-906A-4BE65B01499E}.Release|Any CPU.Build.0 = Release|Any CPU
	EndGlobalSection
	GlobalSection(SolutionProperties) = preSolution
		HideSolutionNode = FALSE
	EndGlobalSection
	GlobalSection(ExtensibilityGlobals) = postSolution
		SolutionGuid = {79CA4F52-1691-4AC0-87CC-DAE8506627C2}
	EndGlobalSection
EndGlobal
