
Microsoft Visual Studio Solution File, Format Version 12.00
# Visual Studio Version 16
VisualStudioVersion = 16.0.30413.136
MinimumVisualStudioVersion = 10.0.40219.1
Project("{FAE04EC0-301F-11D3-BF4B-00C04F79EFBC}") = "Task03", "Task03.csproj", "{8D3A4181-1F4D-4C8D-8C15-E3DB9FDB8D8F}"
EndProject
Global
	GlobalSection(SolutionConfigurationPlatforms) = preSolution
		Debug|Any CPU = Debug|Any CPU
		Release|Any CPU = Release|Any CPU
	EndGlobalSection
	GlobalSection(ProjectConfigurationPlatforms) = postSolution
		{8D3A4181-1F4D-4C8D-8C15-E3DB9FDB8D8F}.Debug|Any CPU.ActiveCfg = Debug|Any CPU
		{8D3A4181-1F4D-4C8D-8C15-E3DB9FDB8D8F}.Debug|Any CPU.Build.0 = Debug|Any CPU
		{8D3A4181-1F4D-4C8D-8C15-E3DB9FDB8D8F}.Release|Any CPU.ActiveCfg = Release|Any CPU
		{8D3A4181-1F4D-4C8D-8C15-E3DB9FDB8D8F}.Release|Any CPU.Build.0 = Release|Any CPU
	EndGlobalSection
	GlobalSection(SolutionProperties) = preSolution
		HideSolutionNode = FALSE
	EndGlobalSection
	GlobalSection(ExtensibilityGlobals) = postSolution
		SolutionGuid = {FD0A4E00-82C1-4B18-B8E0-9AE5B769CB64}
	EndGlobalSection
EndGlobal
