
Microsoft Visual Studio Solution File, Format Version 12.00
# Visual Studio Version 16
VisualStudioVersion = 16.0.31105.61
MinimumVisualStudioVersion = 10.0.40219.1
Project("{FAE04EC0-301F-11D3-BF4B-00C04F79EFBC}") = "HelloWorldApp", "..\HelloWorldApp\HelloWorldApp.csproj", "{8A71D0E0-401C-45F3-9CA0-14FEB24A0228}"
EndProject
Project("{FAE04EC0-301F-11D3-BF4B-00C04F79EFBC}") = "RazorPage", "..\RazorPage\RazorPage.csproj", "{0365BA79-EBDA-4F96-B324-B78F2E94D9CF}"
EndProject
Global
	GlobalSection(SolutionConfigurationPlatforms) = preSolution
		Debug|Any CPU = Debug|Any CPU
		Release|Any CPU = Release|Any CPU
	EndGlobalSection
	GlobalSection(ProjectConfigurationPlatforms) = postSolution
		{8A71D0E0-401C-45F3-9CA0-14FEB24A0228}.Debug|Any CPU.ActiveCfg = Debug|Any CPU
		{8A71D0E0-401C-45F3-9CA0-14FEB24A0228}.Debug|Any CPU.Build.0 = Debug|Any CPU
		{8A71D0E0-401C-45F3-9CA0-14FEB24A0228}.Release|Any CPU.ActiveCfg = Release|Any CPU
		{8A71D0E0-401C-45F3-9CA0-14FEB24A0228}.Release|Any CPU.Build.0 = Release|Any CPU
		{0365BA79-EBDA-4F96-B324-B78F2E94D9CF}.Debug|Any CPU.ActiveCfg = Debug|Any CPU
		{0365BA79-EBDA-4F96-B324-B78F2E94D9CF}.Debug|Any CPU.Build.0 = Debug|Any CPU
		{0365BA79-EBDA-4F96-B324-B78F2E94D9CF}.Release|Any CPU.ActiveCfg = Release|Any CPU
		{0365BA79-EBDA-4F96-B324-B78F2E94D9CF}.Release|Any CPU.Build.0 = Release|Any CPU
	EndGlobalSection
	GlobalSection(SolutionProperties) = preSolution
		HideSolutionNode = FALSE
	EndGlobalSection
	GlobalSection(ExtensibilityGlobals) = postSolution
		SolutionGuid = {AB5A3745-9C91-470C-8E12-E84917F96B1D}
	EndGlobalSection
EndGlobal
