
Microsoft Visual Studio Solution File, Format Version 12.00
# Visual Studio Version 16
VisualStudioVersion = 16.0.30503.244
MinimumVisualStudioVersion = 10.0.40219.1
Project("{FAE04EC0-301F-11D3-BF4B-00C04F79EFBC}") = "CW2", "CW2.csproj", "{156B1583-1D8E-430C-AD2C-68F049BB608E}"
EndProject
Global
	GlobalSection(SolutionConfigurationPlatforms) = preSolution
		Debug|Any CPU = Debug|Any CPU
		Release|Any CPU = Release|Any CPU
	EndGlobalSection
	GlobalSection(ProjectConfigurationPlatforms) = postSolution
		{156B1583-1D8E-430C-AD2C-68F049BB608E}.Debug|Any CPU.ActiveCfg = Debug|Any CPU
		{156B1583-1D8E-430C-AD2C-68F049BB608E}.Debug|Any CPU.Build.0 = Debug|Any CPU
		{156B1583-1D8E-430C-AD2C-68F049BB608E}.Release|Any CPU.ActiveCfg = Release|Any CPU
		{156B1583-1D8E-430C-AD2C-68F049BB608E}.Release|Any CPU.Build.0 = Release|Any CPU
	EndGlobalSection
	GlobalSection(SolutionProperties) = preSolution
		HideSolutionNode = FALSE
	EndGlobalSection
	GlobalSection(ExtensibilityGlobals) = postSolution
		SolutionGuid = {6180CF1E-085A-4848-9F4C-E7C36F011D41}
	EndGlobalSection
EndGlobal
