
Microsoft Visual Studio Solution File, Format Version 12.00
# Visual Studio Version 16
VisualStudioVersion = 16.0.30503.244
MinimumVisualStudioVersion = 10.0.40219.1
Project("{FAE04EC0-301F-11D3-BF4B-00C04F79EFBC}") = "CW4", "CW4.csproj", "{D2CDA1E3-4848-4D4A-9FA4-531FE978A584}"
EndProject
Global
	GlobalSection(SolutionConfigurationPlatforms) = preSolution
		Debug|Any CPU = Debug|Any CPU
		Release|Any CPU = Release|Any CPU
	EndGlobalSection
	GlobalSection(ProjectConfigurationPlatforms) = postSolution
		{D2CDA1E3-4848-4D4A-9FA4-531FE978A584}.Debug|Any CPU.ActiveCfg = Debug|Any CPU
		{D2CDA1E3-4848-4D4A-9FA4-531FE978A584}.Debug|Any CPU.Build.0 = Debug|Any CPU
		{D2CDA1E3-4848-4D4A-9FA4-531FE978A584}.Release|Any CPU.ActiveCfg = Release|Any CPU
		{D2CDA1E3-4848-4D4A-9FA4-531FE978A584}.Release|Any CPU.Build.0 = Release|Any CPU
	EndGlobalSection
	GlobalSection(SolutionProperties) = preSolution
		HideSolutionNode = FALSE
	EndGlobalSection
	GlobalSection(ExtensibilityGlobals) = postSolution
		SolutionGuid = {3F9C8A12-1171-4D55-8BB2-34FBC8DA8398}
	EndGlobalSection
EndGlobal
