
Microsoft Visual Studio Solution File, Format Version 12.00
# Visual Studio Version 16
VisualStudioVersion = 16.0.30503.244
MinimumVisualStudioVersion = 10.0.40219.1
Project("{FAE04EC0-301F-11D3-BF4B-00C04F79EFBC}") = "CW6", "CW6.csproj", "{C914C1A0-5041-434F-BA05-F75650F04DEE}"
EndProject
Global
	GlobalSection(SolutionConfigurationPlatforms) = preSolution
		Debug|Any CPU = Debug|Any CPU
		Release|Any CPU = Release|Any CPU
	EndGlobalSection
	GlobalSection(ProjectConfigurationPlatforms) = postSolution
		{C914C1A0-5041-434F-BA05-F75650F04DEE}.Debug|Any CPU.ActiveCfg = Debug|Any CPU
		{C914C1A0-5041-434F-BA05-F75650F04DEE}.Debug|Any CPU.Build.0 = Debug|Any CPU
		{C914C1A0-5041-434F-BA05-F75650F04DEE}.Release|Any CPU.ActiveCfg = Release|Any CPU
		{C914C1A0-5041-434F-BA05-F75650F04DEE}.Release|Any CPU.Build.0 = Release|Any CPU
	EndGlobalSection
	GlobalSection(SolutionProperties) = preSolution
		HideSolutionNode = FALSE
	EndGlobalSection
	GlobalSection(ExtensibilityGlobals) = postSolution
		SolutionGuid = {48302357-3C76-4F7A-9C31-B4184AC747BC}
	EndGlobalSection
EndGlobal
