
Microsoft Visual Studio Solution File, Format Version 12.00
# Visual Studio Version 16
VisualStudioVersion = 16.0.30503.244
MinimumVisualStudioVersion = 10.0.40219.1
Project("{FAE04EC0-301F-11D3-BF4B-00C04F79EFBC}") = "CowsAndBulls", "CowsAndBulls\CowsAndBulls.csproj", "{52724E11-C81B-4D30-931D-D4D04B055CD7}"
EndProject
Global
	GlobalSection(SolutionConfigurationPlatforms) = preSolution
		Debug|Any CPU = Debug|Any CPU
		Release|Any CPU = Release|Any CPU
	EndGlobalSection
	GlobalSection(ProjectConfigurationPlatforms) = postSolution
		{52724E11-C81B-4D30-931D-D4D04B055CD7}.Debug|Any CPU.ActiveCfg = Debug|Any CPU
		{52724E11-C81B-4D30-931D-D4D04B055CD7}.Debug|Any CPU.Build.0 = Debug|Any CPU
		{52724E11-C81B-4D30-931D-D4D04B055CD7}.Release|Any CPU.ActiveCfg = Release|Any CPU
		{52724E11-C81B-4D30-931D-D4D04B055CD7}.Release|Any CPU.Build.0 = Release|Any CPU
	EndGlobalSection
	GlobalSection(SolutionProperties) = preSolution
		HideSolutionNode = FALSE
	EndGlobalSection
	GlobalSection(ExtensibilityGlobals) = postSolution
		SolutionGuid = {3DBBA44E-B2D2-4F96-83DC-C5D51D3DDCCE}
	EndGlobalSection
EndGlobal
